Microsoft Visual Studio Solution File, Format Version 12.00
# Visual Studio Version 17
VisualStudioVersion = 17.14.35906.104
MinimumVisualStudioVersion = 10.0.40219.1
Project("{FAE04EC0-301F-11D3-BF4B-00C04F79EFBC}") = "Hamming_1", "Hamming_1\Hamming_1.csproj", "{ECEF9A85-31B2-4862-9AD3-2FD35B6EA262}"
EndProject
Global
	GlobalSection(SolutionConfigurationPlatforms) = preSolution
		Debug|Any CPU = Debug|Any CPU
		Release|Any CPU = Release|Any CPU
	EndGlobalSection
	GlobalSection(ProjectConfigurationPlatforms) = postSolution
		{ECEF9A85-31B2-4862-9AD3-2FD35B6EA262}.Debug|Any CPU.ActiveCfg = Debug|Any CPU
		{ECEF9A85-31B2-4862-9AD3-2FD35B6EA262}.Debug|Any CPU.Build.0 = Debug|Any CPU
		{ECEF9A85-31B2-4862-9AD3-2FD35B6EA262}.Release|Any CPU.ActiveCfg = Release|Any CPU
		{ECEF9A85-31B2-4862-9AD3-2FD35B6EA262}.Release|Any CPU.Build.0 = Release|Any CPU
	EndGlobalSection
	GlobalSection(SolutionProperties) = preSolution
		HideSolutionNode = FALSE
	EndGlobalSection
	GlobalSection(ExtensibilityGlobals) = postSolution
		SolutionGuid = {0084EBC3-EEE9-4931-8F21-DD22B3CA1990}
	EndGlobalSection
EndGlobal
